
Microsoft Visual Studio Solution File, Format Version 12.00
# Visual Studio Version 17
VisualStudioVersion = 17.3.32825.248
MinimumVisualStudioVersion = 10.0.40219.1
Project("{FAE04EC0-301F-11D3-BF4B-00C04F79EFBC}") = "T04", "T04.csproj", "{8F9B0830-A7B1-40C8-A034-8DB2479CDA06}"
EndProject
Global
	GlobalSection(SolutionConfigurationPlatforms) = preSolution
		Debug|Any CPU = Debug|Any CPU
		Release|Any CPU = Release|Any CPU
	EndGlobalSection
	GlobalSection(ProjectConfigurationPlatforms) = postSolution
		{8F9B0830-A7B1-40C8-A034-8DB2479CDA06}.Debug|Any CPU.ActiveCfg = Debug|Any CPU
		{8F9B0830-A7B1-40C8-A034-8DB2479CDA06}.Debug|Any CPU.Build.0 = Debug|Any CPU
		{8F9B0830-A7B1-40C8-A034-8DB2479CDA06}.Release|Any CPU.ActiveCfg = Release|Any CPU
		{8F9B0830-A7B1-40C8-A034-8DB2479CDA06}.Release|Any CPU.Build.0 = Release|Any CPU
	EndGlobalSection
	GlobalSection(SolutionProperties) = preSolution
		HideSolutionNode = FALSE
	EndGlobalSection
	GlobalSection(ExtensibilityGlobals) = postSolution
		SolutionGuid = {1A5C92B9-9E32-4A17-A48F-EF393AC28565}
	EndGlobalSection
EndGlobal
