
Microsoft Visual Studio Solution File, Format Version 12.00
# Visual Studio Version 17
VisualStudioVersion = 17.3.32825.248
MinimumVisualStudioVersion = 10.0.40219.1
Project("{FAE04EC0-301F-11D3-BF4B-00C04F79EFBC}") = "T08", "T08.csproj", "{8735F019-3714-4F33-83C5-D17D306857EF}"
EndProject
Global
	GlobalSection(SolutionConfigurationPlatforms) = preSolution
		Debug|Any CPU = Debug|Any CPU
		Release|Any CPU = Release|Any CPU
	EndGlobalSection
	GlobalSection(ProjectConfigurationPlatforms) = postSolution
		{8735F019-3714-4F33-83C5-D17D306857EF}.Debug|Any CPU.ActiveCfg = Debug|Any CPU
		{8735F019-3714-4F33-83C5-D17D306857EF}.Debug|Any CPU.Build.0 = Debug|Any CPU
		{8735F019-3714-4F33-83C5-D17D306857EF}.Release|Any CPU.ActiveCfg = Release|Any CPU
		{8735F019-3714-4F33-83C5-D17D306857EF}.Release|Any CPU.Build.0 = Release|Any CPU
	EndGlobalSection
	GlobalSection(SolutionProperties) = preSolution
		HideSolutionNode = FALSE
	EndGlobalSection
	GlobalSection(ExtensibilityGlobals) = postSolution
		SolutionGuid = {78D90FC9-6863-4C27-8ABC-9713CCBBD7BF}
	EndGlobalSection
EndGlobal
