
Microsoft Visual Studio Solution File, Format Version 12.00
# Visual Studio Version 17
VisualStudioVersion = 17.3.32825.248
MinimumVisualStudioVersion = 10.0.40219.1
Project("{FAE04EC0-301F-11D3-BF4B-00C04F79EFBC}") = "T12", "T12.csproj", "{B501441F-C1D8-4A6A-8FCB-D9C439D9513A}"
EndProject
Global
	GlobalSection(SolutionConfigurationPlatforms) = preSolution
		Debug|Any CPU = Debug|Any CPU
		Release|Any CPU = Release|Any CPU
	EndGlobalSection
	GlobalSection(ProjectConfigurationPlatforms) = postSolution
		{B501441F-C1D8-4A6A-8FCB-D9C439D9513A}.Debug|Any CPU.ActiveCfg = Debug|Any CPU
		{B501441F-C1D8-4A6A-8FCB-D9C439D9513A}.Debug|Any CPU.Build.0 = Debug|Any CPU
		{B501441F-C1D8-4A6A-8FCB-D9C439D9513A}.Release|Any CPU.ActiveCfg = Release|Any CPU
		{B501441F-C1D8-4A6A-8FCB-D9C439D9513A}.Release|Any CPU.Build.0 = Release|Any CPU
	EndGlobalSection
	GlobalSection(SolutionProperties) = preSolution
		HideSolutionNode = FALSE
	EndGlobalSection
	GlobalSection(ExtensibilityGlobals) = postSolution
		SolutionGuid = {16061792-6284-4151-912A-DE0AE583128E}
	EndGlobalSection
EndGlobal
