
Microsoft Visual Studio Solution File, Format Version 12.00
# Visual Studio Version 17
VisualStudioVersion = 17.3.32825.248
MinimumVisualStudioVersion = 10.0.40219.1
Project("{FAE04EC0-301F-11D3-BF4B-00C04F79EFBC}") = "T01", "T01.csproj", "{16EDF793-77E6-441D-BA80-4444125A280D}"
EndProject
Global
	GlobalSection(SolutionConfigurationPlatforms) = preSolution
		Debug|Any CPU = Debug|Any CPU
		Release|Any CPU = Release|Any CPU
	EndGlobalSection
	GlobalSection(ProjectConfigurationPlatforms) = postSolution
		{16EDF793-77E6-441D-BA80-4444125A280D}.Debug|Any CPU.ActiveCfg = Debug|Any CPU
		{16EDF793-77E6-441D-BA80-4444125A280D}.Debug|Any CPU.Build.0 = Debug|Any CPU
		{16EDF793-77E6-441D-BA80-4444125A280D}.Release|Any CPU.ActiveCfg = Release|Any CPU
		{16EDF793-77E6-441D-BA80-4444125A280D}.Release|Any CPU.Build.0 = Release|Any CPU
	EndGlobalSection
	GlobalSection(SolutionProperties) = preSolution
		HideSolutionNode = FALSE
	EndGlobalSection
	GlobalSection(ExtensibilityGlobals) = postSolution
		SolutionGuid = {9C2DE9A6-0586-4E45-88AC-214CE547CB23}
	EndGlobalSection
EndGlobal
