
Microsoft Visual Studio Solution File, Format Version 12.00
# Visual Studio Version 17
VisualStudioVersion = 17.3.32825.248
MinimumVisualStudioVersion = 10.0.40219.1
Project("{FAE04EC0-301F-11D3-BF4B-00C04F79EFBC}") = "T18", "T18.csproj", "{2567D81B-B543-402D-9615-A937773090B6}"
EndProject
Global
	GlobalSection(SolutionConfigurationPlatforms) = preSolution
		Debug|Any CPU = Debug|Any CPU
		Release|Any CPU = Release|Any CPU
	EndGlobalSection
	GlobalSection(ProjectConfigurationPlatforms) = postSolution
		{2567D81B-B543-402D-9615-A937773090B6}.Debug|Any CPU.ActiveCfg = Debug|Any CPU
		{2567D81B-B543-402D-9615-A937773090B6}.Debug|Any CPU.Build.0 = Debug|Any CPU
		{2567D81B-B543-402D-9615-A937773090B6}.Release|Any CPU.ActiveCfg = Release|Any CPU
		{2567D81B-B543-402D-9615-A937773090B6}.Release|Any CPU.Build.0 = Release|Any CPU
	EndGlobalSection
	GlobalSection(SolutionProperties) = preSolution
		HideSolutionNode = FALSE
	EndGlobalSection
	GlobalSection(ExtensibilityGlobals) = postSolution
		SolutionGuid = {E0A5173E-4204-4553-BF7E-3067C06D0C92}
	EndGlobalSection
EndGlobal
