
Microsoft Visual Studio Solution File, Format Version 12.00
# Visual Studio Version 17
VisualStudioVersion = 17.3.32825.248
MinimumVisualStudioVersion = 10.0.40219.1
Project("{FAE04EC0-301F-11D3-BF4B-00C04F79EFBC}") = "T39", "T39.csproj", "{F8DEE3AD-2366-4B8A-8D54-F5FF4F62A634}"
EndProject
Global
	GlobalSection(SolutionConfigurationPlatforms) = preSolution
		Debug|Any CPU = Debug|Any CPU
		Release|Any CPU = Release|Any CPU
	EndGlobalSection
	GlobalSection(ProjectConfigurationPlatforms) = postSolution
		{F8DEE3AD-2366-4B8A-8D54-F5FF4F62A634}.Debug|Any CPU.ActiveCfg = Debug|Any CPU
		{F8DEE3AD-2366-4B8A-8D54-F5FF4F62A634}.Debug|Any CPU.Build.0 = Debug|Any CPU
		{F8DEE3AD-2366-4B8A-8D54-F5FF4F62A634}.Release|Any CPU.ActiveCfg = Release|Any CPU
		{F8DEE3AD-2366-4B8A-8D54-F5FF4F62A634}.Release|Any CPU.Build.0 = Release|Any CPU
	EndGlobalSection
	GlobalSection(SolutionProperties) = preSolution
		HideSolutionNode = FALSE
	EndGlobalSection
	GlobalSection(ExtensibilityGlobals) = postSolution
		SolutionGuid = {38EDE84C-163B-49AF-B3F2-CDF9D8FE22E4}
	EndGlobalSection
EndGlobal
