
Microsoft Visual Studio Solution File, Format Version 12.00
# Visual Studio Version 17
VisualStudioVersion = 17.3.32825.248
MinimumVisualStudioVersion = 10.0.40219.1
Project("{FAE04EC0-301F-11D3-BF4B-00C04F79EFBC}") = "T14", "T14.csproj", "{E07568C8-CD6A-4ED4-9249-612CF3226308}"
EndProject
Global
	GlobalSection(SolutionConfigurationPlatforms) = preSolution
		Debug|Any CPU = Debug|Any CPU
		Release|Any CPU = Release|Any CPU
	EndGlobalSection
	GlobalSection(ProjectConfigurationPlatforms) = postSolution
		{E07568C8-CD6A-4ED4-9249-612CF3226308}.Debug|Any CPU.ActiveCfg = Debug|Any CPU
		{E07568C8-CD6A-4ED4-9249-612CF3226308}.Debug|Any CPU.Build.0 = Debug|Any CPU
		{E07568C8-CD6A-4ED4-9249-612CF3226308}.Release|Any CPU.ActiveCfg = Release|Any CPU
		{E07568C8-CD6A-4ED4-9249-612CF3226308}.Release|Any CPU.Build.0 = Release|Any CPU
	EndGlobalSection
	GlobalSection(SolutionProperties) = preSolution
		HideSolutionNode = FALSE
	EndGlobalSection
	GlobalSection(ExtensibilityGlobals) = postSolution
		SolutionGuid = {08A31143-CB48-42CF-9FC4-E9FC0A3521E4}
	EndGlobalSection
EndGlobal
