
Microsoft Visual Studio Solution File, Format Version 12.00
# Visual Studio Version 17
VisualStudioVersion = 17.3.32825.248
MinimumVisualStudioVersion = 10.0.40219.1
Project("{FAE04EC0-301F-11D3-BF4B-00C04F79EFBC}") = "T11", "T11.csproj", "{4ABF27C3-B3CE-4652-B385-B274E4D16AA1}"
EndProject
Global
	GlobalSection(SolutionConfigurationPlatforms) = preSolution
		Debug|Any CPU = Debug|Any CPU
		Release|Any CPU = Release|Any CPU
	EndGlobalSection
	GlobalSection(ProjectConfigurationPlatforms) = postSolution
		{4ABF27C3-B3CE-4652-B385-B274E4D16AA1}.Debug|Any CPU.ActiveCfg = Debug|Any CPU
		{4ABF27C3-B3CE-4652-B385-B274E4D16AA1}.Debug|Any CPU.Build.0 = Debug|Any CPU
		{4ABF27C3-B3CE-4652-B385-B274E4D16AA1}.Release|Any CPU.ActiveCfg = Release|Any CPU
		{4ABF27C3-B3CE-4652-B385-B274E4D16AA1}.Release|Any CPU.Build.0 = Release|Any CPU
	EndGlobalSection
	GlobalSection(SolutionProperties) = preSolution
		HideSolutionNode = FALSE
	EndGlobalSection
	GlobalSection(ExtensibilityGlobals) = postSolution
		SolutionGuid = {9B4F4D5F-87FB-4267-9999-98F44B0D3010}
	EndGlobalSection
EndGlobal
